{
    "name": "node-red-project",
    "version": "0.0.1",
    "lockfileVersion": 1,
    "requires": true,
    "dependencies": {
        "node-red-contrib-debounce": {
            "version": "0.0.2",
            "resolved": "https://registry.npmjs.org/node-red-contrib-debounce/-/node-red-contrib-debounce-0.0.2.tgz",
            "integrity": "sha1-0u0BRKSEMsaX/R834i2bwHUGZ2Y="
        }
    }
}
